
Microsoft Visual Studio Solution File, Format Version 12.00
# Visual Studio Version 17
VisualStudioVersion = 17.11.35303.130
MinimumVisualStudioVersion = 10.0.40219.1
Project("{FAE04EC0-301F-11D3-BF4B-00C04F79EFBC}") = "Elasticsearch.API", "Elasticsearch.API\Elasticsearch.API.csproj", "{4820FC7B-8594-45CD-A57A-C3109214FB13}"
EndProject
Global
	GlobalSection(SolutionConfigurationPlatforms) = preSolution
		Debug|Any CPU = Debug|Any CPU
		Release|Any CPU = Release|Any CPU
	EndGlobalSection
	GlobalSection(ProjectConfigurationPlatforms) = postSolution
		{4820FC7B-8594-45CD-A57A-C3109214FB13}.Debug|Any CPU.ActiveCfg = Debug|Any CPU
		{4820FC7B-8594-45CD-A57A-C3109214FB13}.Debug|Any CPU.Build.0 = Debug|Any CPU
		{4820FC7B-8594-45CD-A57A-C3109214FB13}.Release|Any CPU.ActiveCfg = Release|Any CPU
		{4820FC7B-8594-45CD-A57A-C3109214FB13}.Release|Any CPU.Build.0 = Release|Any CPU
	EndGlobalSection
	GlobalSection(SolutionProperties) = preSolution
		HideSolutionNode = FALSE
	EndGlobalSection
	GlobalSection(ExtensibilityGlobals) = postSolution
		SolutionGuid = {7A42D60A-8052-4883-A2F0-3DB4CD27956E}
	EndGlobalSection
EndGlobal
